// !$*UTF8*$!
{
	archiveVersion = 1;
	classes = {
	};
	objectVersion = 56;
	objects = {

/* Begin PBXBuildFile section */
		D47E450C2A3C6F7E007E9870 /* AppDelegate.swift in Sources */ = {isa = PBXBuildFile; fileRef = D47E450B2A3C6F7E007E9870 /* AppDelegate.swift */; };
		D47E450E2A3C6F7E007E9870 /* SceneDelegate.swift in Sources */ = {isa = PBXBuildFile; fileRef = D47E450D2A3C6F7E007E9870 /* SceneDelegate.swift */; };
		D47E45102A3C6F7E007E9870 /* MainController.swift in Sources */ = {isa = PBXBuildFile; fileRef = D47E450F2A3C6F7E007E9870 /* MainController.swift */; };
		D47E45152A3C6F80007E9870 /* Assets.xcassets in Resources */ = {isa = PBXBuildFile; fileRef = D47E45142A3C6F80007E9870 /* Assets.xcassets */; };
		D47E45182A3C6F80007E9870 /* LaunchScreen.storyboard in Resources */ = {isa = PBXBuildFile; fileRef = D47E45162A3C6F80007E9870 /* LaunchScreen.storyboard */; };
		D47E45232A3C6F81007E9870 /* LabflixTests.swift in Sources */ = {isa = PBXBuildFile; fileRef = D47E45222A3C6F81007E9870 /* LabflixTests.swift */; };
		D47E452D2A3C6F81007E9870 /* LabflixUITests.swift in Sources */ = {isa = PBXBuildFile; fileRef = D47E452C2A3C6F81007E9870 /* LabflixUITests.swift */; };
		D47E452F2A3C6F81007E9870 /* LabflixUITestsLaunchTests.swift in Sources */ = {isa = PBXBuildFile; fileRef = D47E452E2A3C6F81007E9870 /* LabflixUITestsLaunchTests.swift */; };
		D47E453E2A408A96007E9870 /* HomeViewController.swift in Sources */ = {isa = PBXBuildFile; fileRef = D47E453D2A408A96007E9870 /* HomeViewController.swift */; };
		D47E45412A408AD5007E9870 /* SearchViewController.swift in Sources */ = {isa = PBXBuildFile; fileRef = D47E45402A408AD5007E9870 /* SearchViewController.swift */; };
		D47E45442A408B3F007E9870 /* UpcomingViewController.swift in Sources */ = {isa = PBXBuildFile; fileRef = D47E45432A408B3F007E9870 /* UpcomingViewController.swift */; };
		D47E45472A408B87007E9870 /* DownloadsViewController.swift in Sources */ = {isa = PBXBuildFile; fileRef = D47E45462A408B87007E9870 /* DownloadsViewController.swift */; };
		D47E454B2A417648007E9870 /* CollectionViewTableViewCell.swift in Sources */ = {isa = PBXBuildFile; fileRef = D47E454A2A417648007E9870 /* CollectionViewTableViewCell.swift */; };
		D47E454D2A418499007E9870 /* HeroHeaderView.swift in Sources */ = {isa = PBXBuildFile; fileRef = D47E454C2A418499007E9870 /* HeroHeaderView.swift */; };
		D47E45552A41B7AA007E9870 /* Extensions.swift in Sources */ = {isa = PBXBuildFile; fileRef = D47E45542A41B7AA007E9870 /* Extensions.swift */; };
		D47E45572A41C029007E9870 /* HomeViewExtensions.swift in Sources */ = {isa = PBXBuildFile; fileRef = D47E45562A41C029007E9870 /* HomeViewExtensions.swift */; };
		D47E455F2A41D0B4007E9870 /* APIServices.swift in Sources */ = {isa = PBXBuildFile; fileRef = D47E455C2A41D0B4007E9870 /* APIServices.swift */; };
		D47E45602A41D0B4007E9870 /* NetworkManager.swift in Sources */ = {isa = PBXBuildFile; fileRef = D47E455D2A41D0B4007E9870 /* NetworkManager.swift */; };
		D47E45612A41D0B4007E9870 /* ErrorManager.swift in Sources */ = {isa = PBXBuildFile; fileRef = D47E455E2A41D0B4007E9870 /* ErrorManager.swift */; };
		D47E45642A41E7EE007E9870 /* Movie.swift in Sources */ = {isa = PBXBuildFile; fileRef = D47E45632A41E7EE007E9870 /* Movie.swift */; };
		D47E45662A42EF46007E9870 /* HomeViewModel.swift in Sources */ = {isa = PBXBuildFile; fileRef = D47E45652A42EF46007E9870 /* HomeViewModel.swift */; };
		D47E45852A4352AD007E9870 /* MovieCollectionViewCell.swift in Sources */ = {isa = PBXBuildFile; fileRef = D47E45842A4352AD007E9870 /* MovieCollectionViewCell.swift */; };
		D47E45882A435605007E9870 /* SDWebImage in Frameworks */ = {isa = PBXBuildFile; productRef = D47E45872A435605007E9870 /* SDWebImage */; };
		D47E458A2A435605007E9870 /* SDWebImageMapKit in Frameworks */ = {isa = PBXBuildFile; productRef = D47E45892A435605007E9870 /* SDWebImageMapKit */; };
		D47E45902A44591A007E9870 /* UpcomingViewModel.swift in Sources */ = {isa = PBXBuildFile; fileRef = D47E458F2A44591A007E9870 /* UpcomingViewModel.swift */; };
/* End PBXBuildFile section */

/* Begin PBXContainerItemProxy section */
		D47E451F2A3C6F81007E9870 /* PBXContainerItemProxy */ = {
			isa = PBXContainerItemProxy;
			containerPortal = D47E45002A3C6F7E007E9870 /* Project object */;
			proxyType = 1;
			remoteGlobalIDString = D47E45072A3C6F7E007E9870;
			remoteInfo = Labflix;
		};
		D47E45292A3C6F81007E9870 /* PBXContainerItemProxy */ = {
			isa = PBXContainerItemProxy;
			containerPortal = D47E45002A3C6F7E007E9870 /* Project object */;
			proxyType = 1;
			remoteGlobalIDString = D47E45072A3C6F7E007E9870;
			remoteInfo = Labflix;
		};
/* End PBXContainerItemProxy section */

/* Begin PBXFileReference section */
		D47E45082A3C6F7E007E9870 /* Labflix.app */ = {isa = PBXFileReference; explicitFileType = wrapper.application; includeInIndex = 0; path = Labflix.app; sourceTree = BUILT_PRODUCTS_DIR; };
		D47E450B2A3C6F7E007E9870 /* AppDelegate.swift */ = {isa = PBXFileReference; lastKnownFileType = sourcecode.swift; path = AppDelegate.swift; sourceTree = "<group>"; };
		D47E450D2A3C6F7E007E9870 /* SceneDelegate.swift */ = {isa = PBXFileReference; lastKnownFileType = sourcecode.swift; path = SceneDelegate.swift; sourceTree = "<group>"; };
		D47E450F2A3C6F7E007E9870 /* MainController.swift */ = {isa = PBXFileReference; lastKnownFileType = sourcecode.swift; path = MainController.swift; sourceTree = "<group>"; };
		D47E45142A3C6F80007E9870 /* Assets.xcassets */ = {isa = PBXFileReference; lastKnownFileType = folder.assetcatalog; path = Assets.xcassets; sourceTree = "<group>"; };
		D47E45172A3C6F80007E9870 /* Base */ = {isa = PBXFileReference; lastKnownFileType = file.storyboard; name = Base; path = Base.lproj/LaunchScreen.storyboard; sourceTree = "<group>"; };
		D47E45192A3C6F80007E9870 /* Info.plist */ = {isa = PBXFileReference; lastKnownFileType = text.plist.xml; path = Info.plist; sourceTree = "<group>"; };
		D47E451E2A3C6F81007E9870 /* LabflixTests.xctest */ = {isa = PBXFileReference; explicitFileType = wrapper.cfbundle; includeInIndex = 0; path = LabflixTests.xctest; sourceTree = BUILT_PRODUCTS_DIR; };
		D47E45222A3C6F81007E9870 /* LabflixTests.swift */ = {isa = PBXFileReference; lastKnownFileType = sourcecode.swift; path = LabflixTests.swift; sourceTree = "<group>"; };
		D47E45282A3C6F81007E9870 /* LabflixUITests.xctest */ = {isa = PBXFileReference; explicitFileType = wrapper.cfbundle; includeInIndex = 0; path = LabflixUITests.xctest; sourceTree = BUILT_PRODUCTS_DIR; };
		D47E452C2A3C6F81007E9870 /* LabflixUITests.swift */ = {isa = PBXFileReference; lastKnownFileType = sourcecode.swift; path = LabflixUITests.swift; sourceTree = "<group>"; };
		D47E452E2A3C6F81007E9870 /* LabflixUITestsLaunchTests.swift */ = {isa = PBXFileReference; lastKnownFileType = sourcecode.swift; path = LabflixUITestsLaunchTests.swift; sourceTree = "<group>"; };
		D47E453D2A408A96007E9870 /* HomeViewController.swift */ = {isa = PBXFileReference; lastKnownFileType = sourcecode.swift; path = HomeViewController.swift; sourceTree = "<group>"; };
		D47E45402A408AD5007E9870 /* SearchViewController.swift */ = {isa = PBXFileReference; lastKnownFileType = sourcecode.swift; path = SearchViewController.swift; sourceTree = "<group>"; };
		D47E45432A408B3F007E9870 /* UpcomingViewController.swift */ = {isa = PBXFileReference; lastKnownFileType = sourcecode.swift; path = UpcomingViewController.swift; sourceTree = "<group>"; };
		D47E45462A408B87007E9870 /* DownloadsViewController.swift */ = {isa = PBXFileReference; lastKnownFileType = sourcecode.swift; path = DownloadsViewController.swift; sourceTree = "<group>"; };
		D47E454A2A417648007E9870 /* CollectionViewTableViewCell.swift */ = {isa = PBXFileReference; lastKnownFileType = sourcecode.swift; path = CollectionViewTableViewCell.swift; sourceTree = "<group>"; };
		D47E454C2A418499007E9870 /* HeroHeaderView.swift */ = {isa = PBXFileReference; lastKnownFileType = sourcecode.swift; path = HeroHeaderView.swift; sourceTree = "<group>"; };
		D47E45542A41B7AA007E9870 /* Extensions.swift */ = {isa = PBXFileReference; lastKnownFileType = sourcecode.swift; path = Extensions.swift; sourceTree = "<group>"; };
		D47E45562A41C029007E9870 /* HomeViewExtensions.swift */ = {isa = PBXFileReference; lastKnownFileType = sourcecode.swift; path = HomeViewExtensions.swift; sourceTree = "<group>"; };
		D47E455C2A41D0B4007E9870 /* APIServices.swift */ = {isa = PBXFileReference; fileEncoding = 4; lastKnownFileType = sourcecode.swift; path = APIServices.swift; sourceTree = "<group>"; };
		D47E455D2A41D0B4007E9870 /* NetworkManager.swift */ = {isa = PBXFileReference; fileEncoding = 4; lastKnownFileType = sourcecode.swift; path = NetworkManager.swift; sourceTree = "<group>"; };
		D47E455E2A41D0B4007E9870 /* ErrorManager.swift */ = {isa = PBXFileReference; fileEncoding = 4; lastKnownFileType = sourcecode.swift; path = ErrorManager.swift; sourceTree = "<group>"; };
		D47E45632A41E7EE007E9870 /* Movie.swift */ = {isa = PBXFileReference; lastKnownFileType = sourcecode.swift; path = Movie.swift; sourceTree = "<group>"; };
		D47E45652A42EF46007E9870 /* HomeViewModel.swift */ = {isa = PBXFileReference; lastKnownFileType = sourcecode.swift; path = HomeViewModel.swift; sourceTree = "<group>"; };
		D47E45842A4352AD007E9870 /* MovieCollectionViewCell.swift */ = {isa = PBXFileReference; lastKnownFileType = sourcecode.swift; path = MovieCollectionViewCell.swift; sourceTree = "<group>"; };
		D47E458F2A44591A007E9870 /* UpcomingViewModel.swift */ = {isa = PBXFileReference; lastKnownFileType = sourcecode.swift; path = UpcomingViewModel.swift; sourceTree = "<group>"; };
/* End PBXFileReference section */

/* Begin PBXFrameworksBuildPhase section */
		D47E45052A3C6F7E007E9870 /* Frameworks */ = {
			isa = PBXFrameworksBuildPhase;
			buildActionMask = 2147483647;
			files = (
				D47E458A2A435605007E9870 /* SDWebImageMapKit in Frameworks */,
				D47E45882A435605007E9870 /* SDWebImage in Frameworks */,
			);
			runOnlyForDeploymentPostprocessing = 0;
		};
		D47E451B2A3C6F81007E9870 /* Frameworks */ = {
			isa = PBXFrameworksBuildPhase;
			buildActionMask = 2147483647;
			files = (
			);
			runOnlyForDeploymentPostprocessing = 0;
		};
		D47E45252A3C6F81007E9870 /* Frameworks */ = {
			isa = PBXFrameworksBuildPhase;
			buildActionMask = 2147483647;
			files = (
			);
			runOnlyForDeploymentPostprocessing = 0;
		};
/* End PBXFrameworksBuildPhase section */

/* Begin PBXGroup section */
		D47E44FF2A3C6F7E007E9870 = {
			isa = PBXGroup;
			children = (
				D47E450A2A3C6F7E007E9870 /* Labflix */,
				D47E45212A3C6F81007E9870 /* LabflixTests */,
				D47E452B2A3C6F81007E9870 /* LabflixUITests */,
				D47E45092A3C6F7E007E9870 /* Products */,
			);
			sourceTree = "<group>";
		};
		D47E45092A3C6F7E007E9870 /* Products */ = {
			isa = PBXGroup;
			children = (
				D47E45082A3C6F7E007E9870 /* Labflix.app */,
				D47E451E2A3C6F81007E9870 /* LabflixTests.xctest */,
				D47E45282A3C6F81007E9870 /* LabflixUITests.xctest */,
			);
			name = Products;
			sourceTree = "<group>";
		};
		D47E450A2A3C6F7E007E9870 /* Labflix */ = {
			isa = PBXGroup;
			children = (
				D47E45482A41760A007E9870 /* Services */,
				D47E45492A417616007E9870 /* Components */,
				D47E453B2A408A77007E9870 /* Features */,
				D47E450B2A3C6F7E007E9870 /* AppDelegate.swift */,
				D47E450D2A3C6F7E007E9870 /* SceneDelegate.swift */,
				D47E450F2A3C6F7E007E9870 /* MainController.swift */,
				D47E45142A3C6F80007E9870 /* Assets.xcassets */,
				D47E45162A3C6F80007E9870 /* LaunchScreen.storyboard */,
				D47E45192A3C6F80007E9870 /* Info.plist */,
			);
			path = Labflix;
			sourceTree = "<group>";
		};
		D47E45212A3C6F81007E9870 /* LabflixTests */ = {
			isa = PBXGroup;
			children = (
				D47E45222A3C6F81007E9870 /* LabflixTests.swift */,
			);
			path = LabflixTests;
			sourceTree = "<group>";
		};
		D47E452B2A3C6F81007E9870 /* LabflixUITests */ = {
			isa = PBXGroup;
			children = (
				D47E452C2A3C6F81007E9870 /* LabflixUITests.swift */,
				D47E452E2A3C6F81007E9870 /* LabflixUITestsLaunchTests.swift */,
			);
			path = LabflixUITests;
			sourceTree = "<group>";
		};
		D47E453B2A408A77007E9870 /* Features */ = {
			isa = PBXGroup;
			children = (
				D47E453C2A408A86007E9870 /* Home */,
				D47E45422A408B08007E9870 /* Upcomming */,
				D47E453F2A408AC3007E9870 /* Search */,
				D47E45452A408B6E007E9870 /* Downloads */,
			);
			path = Features;
			sourceTree = "<group>";
		};
		D47E453C2A408A86007E9870 /* Home */ = {
			isa = PBXGroup;
			children = (
				D47E45652A42EF46007E9870 /* HomeViewModel.swift */,
				D47E453D2A408A96007E9870 /* HomeViewController.swift */,
				D47E45562A41C029007E9870 /* HomeViewExtensions.swift */,
			);
			path = Home;
			sourceTree = "<group>";
		};
		D47E453F2A408AC3007E9870 /* Search */ = {
			isa = PBXGroup;
			children = (
				D47E45402A408AD5007E9870 /* SearchViewController.swift */,
			);
			path = Search;
			sourceTree = "<group>";
		};
		D47E45422A408B08007E9870 /* Upcomming */ = {
			isa = PBXGroup;
			children = (
				D47E458F2A44591A007E9870 /* UpcomingViewModel.swift */,
				D47E45432A408B3F007E9870 /* UpcomingViewController.swift */,
			);
			path = Upcomming;
			sourceTree = "<group>";
		};
		D47E45452A408B6E007E9870 /* Downloads */ = {
			isa = PBXGroup;
			children = (
				D47E45462A408B87007E9870 /* DownloadsViewController.swift */,
			);
			path = Downloads;
			sourceTree = "<group>";
		};
		D47E45482A41760A007E9870 /* Services */ = {
			isa = PBXGroup;
			children = (
				D47E45622A41E7D4007E9870 /* Model */,
				D47E455C2A41D0B4007E9870 /* APIServices.swift */,
				D47E455E2A41D0B4007E9870 /* ErrorManager.swift */,
				D47E455D2A41D0B4007E9870 /* NetworkManager.swift */,
				D47E45542A41B7AA007E9870 /* Extensions.swift */,
			);
			path = Services;
			sourceTree = "<group>";
		};
		D47E45492A417616007E9870 /* Components */ = {
			isa = PBXGroup;
			children = (
				D47E454C2A418499007E9870 /* HeroHeaderView.swift */,
				D47E454A2A417648007E9870 /* CollectionViewTableViewCell.swift */,
				D47E45842A4352AD007E9870 /* MovieCollectionViewCell.swift */,
			);
			path = Components;
			sourceTree = "<group>";
		};
		D47E45622A41E7D4007E9870 /* Model */ = {
			isa = PBXGroup;
			children = (
				D47E45632A41E7EE007E9870 /* Movie.swift */,
			);
			path = Model;
			sourceTree = "<group>";
		};
/* End PBXGroup section */

/* Begin PBXNativeTarget section */
		D47E45072A3C6F7E007E9870 /* Labflix */ = {
			isa = PBXNativeTarget;
			buildConfigurationList = D47E45322A3C6F81007E9870 /* Build configuration list for PBXNativeTarget "Labflix" */;
			buildPhases = (
				D47E45042A3C6F7E007E9870 /* Sources */,
				D47E45052A3C6F7E007E9870 /* Frameworks */,
				D47E45062A3C6F7E007E9870 /* Resources */,
			);
			buildRules = (
			);
			dependencies = (
			);
			name = Labflix;
			packageProductDependencies = (
				D47E45872A435605007E9870 /* SDWebImage */,
				D47E45892A435605007E9870 /* SDWebImageMapKit */,
			);
			productName = Labflix;
			productReference = D47E45082A3C6F7E007E9870 /* Labflix.app */;
			productType = "com.apple.product-type.application";
		};
		D47E451D2A3C6F81007E9870 /* LabflixTests */ = {
			isa = PBXNativeTarget;
			buildConfigurationList = D47E45352A3C6F81007E9870 /* Build configuration list for PBXNativeTarget "LabflixTests" */;
			buildPhases = (
				D47E451A2A3C6F81007E9870 /* Sources */,
				D47E451B2A3C6F81007E9870 /* Frameworks */,
				D47E451C2A3C6F81007E9870 /* Resources */,
			);
			buildRules = (
			);
			dependencies = (
				D47E45202A3C6F81007E9870 /* PBXTargetDependency */,
			);
			name = LabflixTests;
			productName = LabflixTests;
			productReference = D47E451E2A3C6F81007E9870 /* LabflixTests.xctest */;
			productType = "com.apple.product-type.bundle.unit-test";
		};
		D47E45272A3C6F81007E9870 /* LabflixUITests */ = {
			isa = PBXNativeTarget;
			buildConfigurationList = D47E45382A3C6F81007E9870 /* Build configuration list for PBXNativeTarget "LabflixUITests" */;
			buildPhases = (
				D47E45242A3C6F81007E9870 /* Sources */,
				D47E45252A3C6F81007E9870 /* Frameworks */,
				D47E45262A3C6F81007E9870 /* Resources */,
			);
			buildRules = (
			);
			dependencies = (
				D47E452A2A3C6F81007E9870 /* PBXTargetDependency */,
			);
			name = LabflixUITests;
			productName = LabflixUITests;
			productReference = D47E45282A3C6F81007E9870 /* LabflixUITests.xctest */;
			productType = "com.apple.product-type.bundle.ui-testing";
		};
/* End PBXNativeTarget section */

/* Begin PBXProject section */
		D47E45002A3C6F7E007E9870 /* Project object */ = {
			isa = PBXProject;
			attributes = {
				BuildIndependentTargetsInParallel = 1;
				LastSwiftUpdateCheck = 1430;
				LastUpgradeCheck = 1430;
				TargetAttributes = {
					D47E45072A3C6F7E007E9870 = {
						CreatedOnToolsVersion = 14.3.1;
					};
					D47E451D2A3C6F81007E9870 = {
						CreatedOnToolsVersion = 14.3.1;
						TestTargetID = D47E45072A3C6F7E007E9870;
					};
					D47E45272A3C6F81007E9870 = {
						CreatedOnToolsVersion = 14.3.1;
						TestTargetID = D47E45072A3C6F7E007E9870;
					};
				};
			};
			buildConfigurationList = D47E45032A3C6F7E007E9870 /* Build configuration list for PBXProject "Labflix" */;
			compatibilityVersion = "Xcode 14.0";
			developmentRegion = en;
			hasScannedForEncodings = 0;
			knownRegions = (
				en,
				Base,
			);
			mainGroup = D47E44FF2A3C6F7E007E9870;
			packageReferences = (
				D47E45862A435605007E9870 /* XCRemoteSwiftPackageReference "SDWebImage" */,
			);
			productRefGroup = D47E45092A3C6F7E007E9870 /* Products */;
			projectDirPath = "";
			projectRoot = "";
			targets = (
				D47E45072A3C6F7E007E9870 /* Labflix */,
				D47E451D2A3C6F81007E9870 /* LabflixTests */,
				D47E45272A3C6F81007E9870 /* LabflixUITests */,
			);
		};
/* End PBXProject section */

/* Begin PBXResourcesBuildPhase section */
		D47E45062A3C6F7E007E9870 /* Resources */ = {
			isa = PBXResourcesBuildPhase;
			buildActionMask = 2147483647;
			files = (
				D47E45182A3C6F80007E9870 /* LaunchScreen.storyboard in Resources */,
				D47E45152A3C6F80007E9870 /* Assets.xcassets in Resources */,
			);
			runOnlyForDeploymentPostprocessing = 0;
		};
		D47E451C2A3C6F81007E9870 /* Resources */ = {
			isa = PBXResourcesBuildPhase;
			buildActionMask = 2147483647;
			files = (
			);
			runOnlyForDeploymentPostprocessing = 0;
		};
		D47E45262A3C6F81007E9870 /* Resources */ = {
			isa = PBXResourcesBuildPhase;
			buildActionMask = 2147483647;
			files = (
			);
			runOnlyForDeploymentPostprocessing = 0;
		};
/* End PBXResourcesBuildPhase section */

/* Begin PBXSourcesBuildPhase section */
		D47E45042A3C6F7E007E9870 /* Sources */ = {
			isa = PBXSourcesBuildPhase;
			buildActionMask = 2147483647;
			files = (
				D47E45442A408B3F007E9870 /* UpcomingViewController.swift in Sources */,
				D47E45902A44591A007E9870 /* UpcomingViewModel.swift in Sources */,
				D47E45412A408AD5007E9870 /* SearchViewController.swift in Sources */,
				D47E45612A41D0B4007E9870 /* ErrorManager.swift in Sources */,
				D47E45662A42EF46007E9870 /* HomeViewModel.swift in Sources */,
				D47E455F2A41D0B4007E9870 /* APIServices.swift in Sources */,
				D47E45852A4352AD007E9870 /* MovieCollectionViewCell.swift in Sources */,
				D47E45602A41D0B4007E9870 /* NetworkManager.swift in Sources */,
				D47E454B2A417648007E9870 /* CollectionViewTableViewCell.swift in Sources */,
				D47E45472A408B87007E9870 /* DownloadsViewController.swift in Sources */,
				D47E454D2A418499007E9870 /* HeroHeaderView.swift in Sources */,
				D47E45552A41B7AA007E9870 /* Extensions.swift in Sources */,
				D47E45102A3C6F7E007E9870 /* MainController.swift in Sources */,
				D47E450C2A3C6F7E007E9870 /* AppDelegate.swift in Sources */,
				D47E450E2A3C6F7E007E9870 /* SceneDelegate.swift in Sources */,
				D47E45572A41C029007E9870 /* HomeViewExtensions.swift in Sources */,
				D47E453E2A408A96007E9870 /* HomeViewController.swift in Sources */,
				D47E45642A41E7EE007E9870 /* Movie.swift in Sources */,
			);
			runOnlyForDeploymentPostprocessing = 0;
		};
		D47E451A2A3C6F81007E9870 /* Sources */ = {
			isa = PBXSourcesBuildPhase;
			buildActionMask = 2147483647;
			files = (
				D47E45232A3C6F81007E9870 /* LabflixTests.swift in Sources */,
			);
			runOnlyForDeploymentPostprocessing = 0;
		};
		D47E45242A3C6F81007E9870 /* Sources */ = {
			isa = PBXSourcesBuildPhase;
			buildActionMask = 2147483647;
			files = (
				D47E452D2A3C6F81007E9870 /* LabflixUITests.swift in Sources */,
				D47E452F2A3C6F81007E9870 /* LabflixUITestsLaunchTests.swift in Sources */,
			);
			runOnlyForDeploymentPostprocessing = 0;
		};
/* End PBXSourcesBuildPhase section */

/* Begin PBXTargetDependency section */
		D47E45202A3C6F81007E9870 /* PBXTargetDependency */ = {
			isa = PBXTargetDependency;
			target = D47E45072A3C6F7E007E9870 /* Labflix */;
			targetProxy = D47E451F2A3C6F81007E9870 /* PBXContainerItemProxy */;
		};
		D47E452A2A3C6F81007E9870 /* PBXTargetDependency */ = {
			isa = PBXTargetDependency;
			target = D47E45072A3C6F7E007E9870 /* Labflix */;
			targetProxy = D47E45292A3C6F81007E9870 /* PBXContainerItemProxy */;
		};
/* End PBXTargetDependency section */

/* Begin PBXVariantGroup section */
		D47E45162A3C6F80007E9870 /* LaunchScreen.storyboard */ = {
			isa = PBXVariantGroup;
			children = (
				D47E45172A3C6F80007E9870 /* Base */,
			);
			name = LaunchScreen.storyboard;
			sourceTree = "<group>";
		};
/* End PBXVariantGroup section */

/* Begin XCBuildConfiguration section */
		D47E45302A3C6F81007E9870 /* Debug */ = {
			isa = XCBuildConfiguration;
			buildSettings = {
				ALWAYS_SEARCH_USER_PATHS = NO;
				CLANG_ANALYZER_NONNULL = YES;
				CLANG_ANALYZER_NUMBER_OBJECT_CONVERSION = YES_AGGRESSIVE;
				CLANG_CXX_LANGUAGE_STANDARD = "gnu++20";
				CLANG_ENABLE_MODULES = YES;
				CLANG_ENABLE_OBJC_ARC = YES;
				CLANG_ENABLE_OBJC_WEAK = YES;
				CLANG_WARN_BLOCK_CAPTURE_AUTORELEASING = YES;
				CLANG_WARN_BOOL_CONVERSION = YES;
				CLANG_WARN_COMMA = YES;
				CLANG_WARN_CONSTANT_CONVERSION = YES;
				CLANG_WARN_DEPRECATED_OBJC_IMPLEMENTATIONS = YES;
				CLANG_WARN_DIRECT_OBJC_ISA_USAGE = YES_ERROR;
				CLANG_WARN_DOCUMENTATION_COMMENTS = YES;
				CLANG_WARN_EMPTY_BODY = YES;
				CLANG_WARN_ENUM_CONVERSION = YES;
				CLANG_WARN_INFINITE_RECURSION = YES;
				CLANG_WARN_INT_CONVERSION = YES;
				CLANG_WARN_NON_LITERAL_NULL_CONVERSION = YES;
				CLANG_WARN_OBJC_IMPLICIT_RETAIN_SELF = YES;
				CLANG_WARN_OBJC_LITERAL_CONVERSION = YES;
				CLANG_WARN_OBJC_ROOT_CLASS = YES_ERROR;
				CLANG_WARN_QUOTED_INCLUDE_IN_FRAMEWORK_HEADER = YES;
				CLANG_WARN_RANGE_LOOP_ANALYSIS = YES;
				CLANG_WARN_STRICT_PROTOTYPES = YES;
				CLANG_WARN_SUSPICIOUS_MOVE = YES;
				CLANG_WARN_UNGUARDED_AVAILABILITY = YES_AGGRESSIVE;
				CLANG_WARN_UNREACHABLE_CODE = YES;
				CLANG_WARN__DUPLICATE_METHOD_MATCH = YES;
				COPY_PHASE_STRIP = NO;
				DEBUG_INFORMATION_FORMAT = dwarf;
				ENABLE_STRICT_OBJC_MSGSEND = YES;
				ENABLE_TESTABILITY = YES;
				GCC_C_LANGUAGE_STANDARD = gnu11;
				GCC_DYNAMIC_NO_PIC = NO;
				GCC_NO_COMMON_BLOCKS = YES;
				GCC_OPTIMIZATION_LEVEL = 0;
				GCC_PREPROCESSOR_DEFINITIONS = (
					"DEBUG=1",
					"$(inherited)",
				);
				GCC_WARN_64_TO_32_BIT_CONVERSION = YES;
				GCC_WARN_ABOUT_RETURN_TYPE = YES_ERROR;
				GCC_WARN_UNDECLARED_SELECTOR = YES;
				GCC_WARN_UNINITIALIZED_AUTOS = YES_AGGRESSIVE;
				GCC_WARN_UNUSED_FUNCTION = YES;
				GCC_WARN_UNUSED_VARIABLE = YES;
				IPHONEOS_DEPLOYMENT_TARGET = 16.4;
				MTL_ENABLE_DEBUG_INFO = INCLUDE_SOURCE;
				MTL_FAST_MATH = YES;
				ONLY_ACTIVE_ARCH = YES;
				SDKROOT = iphoneos;
				SWIFT_ACTIVE_COMPILATION_CONDITIONS = DEBUG;
				SWIFT_OPTIMIZATION_LEVEL = "-Onone";
			};
			name = Debug;
		};
		D47E45312A3C6F81007E9870 /* Release */ = {
			isa = XCBuildConfiguration;
			buildSettings = {
				ALWAYS_SEARCH_USER_PATHS = NO;
				CLANG_ANALYZER_NONNULL = YES;
				CLANG_ANALYZER_NUMBER_OBJECT_CONVERSION = YES_AGGRESSIVE;
				CLANG_CXX_LANGUAGE_STANDARD = "gnu++20";
				CLANG_ENABLE_MODULES = YES;
				CLANG_ENABLE_OBJC_ARC = YES;
				CLANG_ENABLE_OBJC_WEAK = YES;
				CLANG_WARN_BLOCK_CAPTURE_AUTORELEASING = YES;
				CLANG_WARN_BOOL_CONVERSION = YES;
				CLANG_WARN_COMMA = YES;
				CLANG_WARN_CONSTANT_CONVERSION = YES;
				CLANG_WARN_DEPRECATED_OBJC_IMPLEMENTATIONS = YES;
				CLANG_WARN_DIRECT_OBJC_ISA_USAGE = YES_ERROR;
				CLANG_WARN_DOCUMENTATION_COMMENTS = YES;
				CLANG_WARN_EMPTY_BODY = YES;
				CLANG_WARN_ENUM_CONVERSION = YES;
				CLANG_WARN_INFINITE_RECURSION = YES;
				CLANG_WARN_INT_CONVERSION = YES;
				CLANG_WARN_NON_LITERAL_NULL_CONVERSION = YES;
				CLANG_WARN_OBJC_IMPLICIT_RETAIN_SELF = YES;
				CLANG_WARN_OBJC_LITERAL_CONVERSION = YES;
				CLANG_WARN_OBJC_ROOT_CLASS = YES_ERROR;
				CLANG_WARN_QUOTED_INCLUDE_IN_FRAMEWORK_HEADER = YES;
				CLANG_WARN_RANGE_LOOP_ANALYSIS = YES;
				CLANG_WARN_STRICT_PROTOTYPES = YES;
				CLANG_WARN_SUSPICIOUS_MOVE = YES;
				CLANG_WARN_UNGUARDED_AVAILABILITY = YES_AGGRESSIVE;
				CLANG_WARN_UNREACHABLE_CODE = YES;
				CLANG_WARN__DUPLICATE_METHOD_MATCH = YES;
				COPY_PHASE_STRIP = NO;
				DEBUG_INFORMATION_FORMAT = "dwarf-with-dsym";
				ENABLE_NS_ASSERTIONS = NO;
				ENABLE_STRICT_OBJC_MSGSEND = YES;
				GCC_C_LANGUAGE_STANDARD = gnu11;
				GCC_NO_COMMON_BLOCKS = YES;
				GCC_WARN_64_TO_32_BIT_CONVERSION = YES;
				GCC_WARN_ABOUT_RETURN_TYPE = YES_ERROR;
				GCC_WARN_UNDECLARED_SELECTOR = YES;
				GCC_WARN_UNINITIALIZED_AUTOS = YES_AGGRESSIVE;
				GCC_WARN_UNUSED_FUNCTION = YES;
				GCC_WARN_UNUSED_VARIABLE = YES;
				IPHONEOS_DEPLOYMENT_TARGET = 16.4;
				MTL_ENABLE_DEBUG_INFO = NO;
				MTL_FAST_MATH = YES;
				SDKROOT = iphoneos;
				SWIFT_COMPILATION_MODE = wholemodule;
				SWIFT_OPTIMIZATION_LEVEL = "-O";
				VALIDATE_PRODUCT = YES;
			};
			name = Release;
		};
		D47E45332A3C6F81007E9870 /* Debug */ = {
			isa = XCBuildConfiguration;
			buildSettings = {
				ASSETCATALOG_COMPILER_APPICON_NAME = AppIcon;
				ASSETCATALOG_COMPILER_GLOBAL_ACCENT_COLOR_NAME = AccentColor;
				CODE_SIGN_STYLE = Automatic;
				CURRENT_PROJECT_VERSION = 1;
				GENERATE_INFOPLIST_FILE = YES;
				INFOPLIST_FILE = Labflix/Info.plist;
				INFOPLIST_KEY_UIApplicationSupportsIndirectInputEvents = YES;
				INFOPLIST_KEY_UILaunchStoryboardName = LaunchScreen;
				INFOPLIST_KEY_UISupportedInterfaceOrientations_iPad = "UIInterfaceOrientationPortrait UIInterfaceOrientationPortraitUpsideDown UIInterfaceOrientationLandscapeLeft UIInterfaceOrientationLandscapeRight";
				INFOPLIST_KEY_UISupportedInterfaceOrientations_iPhone = "UIInterfaceOrientationPortrait UIInterfaceOrientationLandscapeLeft UIInterfaceOrientationLandscapeRight";
				LD_RUNPATH_SEARCH_PATHS = (
					"$(inherited)",
					"@executable_path/Frameworks",
				);
				MARKETING_VERSION = 1.0;
				PRODUCT_BUNDLE_IDENTIFIER = com.ghl.Labflix;
				PRODUCT_NAME = "$(TARGET_NAME)";
				SWIFT_EMIT_LOC_STRINGS = YES;
				SWIFT_VERSION = 5.0;
				TARGETED_DEVICE_FAMILY = "1,2";
			};
			name = Debug;
		};
		D47E45342A3C6F81007E9870 /* Release */ = {
			isa = XCBuildConfiguration;
			buildSettings = {
				ASSETCATALOG_COMPILER_APPICON_NAME = AppIcon;
				ASSETCATALOG_COMPILER_GLOBAL_ACCENT_COLOR_NAME = AccentColor;
				CODE_SIGN_STYLE = Automatic;
				CURRENT_PROJECT_VERSION = 1;
				GENERATE_INFOPLIST_FILE = YES;
				INFOPLIST_FILE = Labflix/Info.plist;
				INFOPLIST_KEY_UIApplicationSupportsIndirectInputEvents = YES;
				INFOPLIST_KEY_UILaunchStoryboardName = LaunchScreen;
				INFOPLIST_KEY_UISupportedInterfaceOrientations_iPad = "UIInterfaceOrientationPortrait UIInterfaceOrientationPortraitUpsideDown UIInterfaceOrientationLandscapeLeft UIInterfaceOrientationLandscapeRight";
				INFOPLIST_KEY_UISupportedInterfaceOrientations_iPhone = "UIInterfaceOrientationPortrait UIInterfaceOrientationLandscapeLeft UIInterfaceOrientationLandscapeRight";
				LD_RUNPATH_SEARCH_PATHS = (
					"$(inherited)",
					"@executable_path/Frameworks",
				);
				MARKETING_VERSION = 1.0;
				PRODUCT_BUNDLE_IDENTIFIER = com.ghl.Labflix;
				PRODUCT_NAME = "$(TARGET_NAME)";
				SWIFT_EMIT_LOC_STRINGS = YES;
				SWIFT_VERSION = 5.0;
				TARGETED_DEVICE_FAMILY = "1,2";
			};
			name = Release;
		};
		D47E45362A3C6F81007E9870 /* Debug */ = {
			isa = XCBuildConfiguration;
			buildSettings = {
				ALWAYS_EMBED_SWIFT_STANDARD_LIBRARIES = YES;
				BUNDLE_LOADER = "$(TEST_HOST)";
				CODE_SIGN_STYLE = Automatic;
				CURRENT_PROJECT_VERSION = 1;
				GENERATE_INFOPLIST_FILE = YES;
				IPHONEOS_DEPLOYMENT_TARGET = 16.4;
				MARKETING_VERSION = 1.0;
				PRODUCT_BUNDLE_IDENTIFIER = com.ghl.LabflixTests;
				PRODUCT_NAME = "$(TARGET_NAME)";
				SWIFT_EMIT_LOC_STRINGS = NO;
				SWIFT_VERSION = 5.0;
				TARGETED_DEVICE_FAMILY = "1,2";
				TEST_HOST = "$(BUILT_PRODUCTS_DIR)/Labflix.app/$(BUNDLE_EXECUTABLE_FOLDER_PATH)/Labflix";
			};
			name = Debug;
		};
		D47E45372A3C6F81007E9870 /* Release */ = {
			isa = XCBuildConfiguration;
			buildSettings = {
				ALWAYS_EMBED_SWIFT_STANDARD_LIBRARIES = YES;
				BUNDLE_LOADER = "$(TEST_HOST)";
				CODE_SIGN_STYLE = Automatic;
				CURRENT_PROJECT_VERSION = 1;
				GENERATE_INFOPLIST_FILE = YES;
				IPHONEOS_DEPLOYMENT_TARGET = 16.4;
				MARKETING_VERSION = 1.0;
				PRODUCT_BUNDLE_IDENTIFIER = com.ghl.LabflixTests;
				PRODUCT_NAME = "$(TARGET_NAME)";
				SWIFT_EMIT_LOC_STRINGS = NO;
				SWIFT_VERSION = 5.0;
				TARGETED_DEVICE_FAMILY = "1,2";
				TEST_HOST = "$(BUILT_PRODUCTS_DIR)/Labflix.app/$(BUNDLE_EXECUTABLE_FOLDER_PATH)/Labflix";
			};
			name = Release;
		};
		D47E45392A3C6F81007E9870 /* Debug */ = {
			isa = XCBuildConfiguration;
			buildSettings = {
				ALWAYS_EMBED_SWIFT_STANDARD_LIBRARIES = YES;
				CODE_SIGN_STYLE = Automatic;
				CURRENT_PROJECT_VERSION = 1;
				GENERATE_INFOPLIST_FILE = YES;
				MARKETING_VERSION = 1.0;
				PRODUCT_BUNDLE_IDENTIFIER = com.ghl.LabflixUITests;
				PRODUCT_NAME = "$(TARGET_NAME)";
				SWIFT_EMIT_LOC_STRINGS = NO;
				SWIFT_VERSION = 5.0;
				TARGETED_DEVICE_FAMILY = "1,2";
				TEST_TARGET_NAME = Labflix;
			};
			name = Debug;
		};
		D47E453A2A3C6F81007E9870 /* Release */ = {
			isa = XCBuildConfiguration;
			buildSettings = {
				ALWAYS_EMBED_SWIFT_STANDARD_LIBRARIES = YES;
				CODE_SIGN_STYLE = Automatic;
				CURRENT_PROJECT_VERSION = 1;
				GENERATE_INFOPLIST_FILE = YES;
				MARKETING_VERSION = 1.0;
				PRODUCT_BUNDLE_IDENTIFIER = com.ghl.LabflixUITests;
				PRODUCT_NAME = "$(TARGET_NAME)";
				SWIFT_EMIT_LOC_STRINGS = NO;
				SWIFT_VERSION = 5.0;
				TARGETED_DEVICE_FAMILY = "1,2";
				TEST_TARGET_NAME = Labflix;
			};
			name = Release;
		};
/* End XCBuildConfiguration section */

/* Begin XCConfigurationList section */
		D47E45032A3C6F7E007E9870 /* Build configuration list for PBXProject "Labflix" */ = {
			isa = XCConfigurationList;
			buildConfigurations = (
				D47E45302A3C6F81007E9870 /* Debug */,
				D47E45312A3C6F81007E9870 /* Release */,
			);
			defaultConfigurationIsVisible = 0;
			defaultConfigurationName = Release;
		};
		D47E45322A3C6F81007E9870 /* Build configuration list for PBXNativeTarget "Labflix" */ = {
			isa = XCConfigurationList;
			buildConfigurations = (
				D47E45332A3C6F81007E9870 /* Debug */,
				D47E45342A3C6F81007E9870 /* Release */,
			);
			defaultConfigurationIsVisible = 0;
			defaultConfigurationName = Release;
		};
		D47E45352A3C6F81007E9870 /* Build configuration list for PBXNativeTarget "LabflixTests" */ = {
			isa = XCConfigurationList;
			buildConfigurations = (
				D47E45362A3C6F81007E9870 /* Debug */,
				D47E45372A3C6F81007E9870 /* Release */,
			);
			defaultConfigurationIsVisible = 0;
			defaultConfigurationName = Release;
		};
		D47E45382A3C6F81007E9870 /* Build configuration list for PBXNativeTarget "LabflixUITests" */ = {
			isa = XCConfigurationList;
			buildConfigurations = (
				D47E45392A3C6F81007E9870 /* Debug */,
				D47E453A2A3C6F81007E9870 /* Release */,
			);
			defaultConfigurationIsVisible = 0;
			defaultConfigurationName = Release;
		};
/* End XCConfigurationList section */

/* Begin XCRemoteSwiftPackageReference section */
		D47E45862A435605007E9870 /* XCRemoteSwiftPackageReference "SDWebImage" */ = {
			isa = XCRemoteSwiftPackageReference;
			repositoryURL = "https://github.com/SDWebImage/SDWebImage";
			requirement = {
				kind = upToNextMajorVersion;
				minimumVersion = 5.0.0;
			};
		};
/* End XCRemoteSwiftPackageReference section */

/* Begin XCSwiftPackageProductDependency section */
		D47E45872A435605007E9870 /* SDWebImage */ = {
			isa = XCSwiftPackageProductDependency;
			package = D47E45862A435605007E9870 /* XCRemoteSwiftPackageReference "SDWebImage" */;
			productName = SDWebImage;
		};
		D47E45892A435605007E9870 /* SDWebImageMapKit */ = {
			isa = XCSwiftPackageProductDependency;
			package = D47E45862A435605007E9870 /* XCRemoteSwiftPackageReference "SDWebImage" */;
			productName = SDWebImageMapKit;
		};
/* End XCSwiftPackageProductDependency section */
	};
	rootObject = D47E45002A3C6F7E007E9870 /* Project object */;
}
